
Microsoft Visual Studio Solution File, Format Version 12.00
# Visual Studio Version 17
VisualStudioVersion = 17.0.31903.59
MinimumVisualStudioVersion = 10.0.40219.1
Project("{2150E333-8FDC-42A3-9474-1A3956D46DE8}") = "src", "src", "{2AB8C607-F5EA-436B-B2C0-3B2FB995D9AA}"
EndProject
Project("{FAE04EC0-301F-11D3-BF4B-00C04F79EFBC}") = "DairyManagement.Domain", "src\DairyManagement.Domain\DairyManagement.Domain.csproj", "{1FF65F8A-13E8-4C5B-9584-2833BD4CB052}"
EndProject
Project("{FAE04EC0-301F-11D3-BF4B-00C04F79EFBC}") = "DairyManagement.Application", "src\DairyManagement.Application\DairyManagement.Application.csproj", "{0D906D49-160D-49DD-9CF3-C44F300B6BE4}"
EndProject
Project("{FAE04EC0-301F-11D3-BF4B-00C04F79EFBC}") = "DairyManagement.Infrastructure", "src\DairyManagement.Infrastructure\DairyManagement.Infrastructure.csproj", "{2756D776-BA9D-440B-B790-72CCBB0BE21A}"
EndProject
Global
	GlobalSection(SolutionConfigurationPlatforms) = preSolution
		Debug|Any CPU = Debug|Any CPU
		Release|Any CPU = Release|Any CPU
	EndGlobalSection
	GlobalSection(SolutionProperties) = preSolution
		HideSolutionNode = FALSE
	EndGlobalSection
	GlobalSection(ProjectConfigurationPlatforms) = postSolution
		{1FF65F8A-13E8-4C5B-9584-2833BD4CB052}.Debug|Any CPU.ActiveCfg = Debug|Any CPU
		{1FF65F8A-13E8-4C5B-9584-2833BD4CB052}.Debug|Any CPU.Build.0 = Debug|Any CPU
		{1FF65F8A-13E8-4C5B-9584-2833BD4CB052}.Release|Any CPU.ActiveCfg = Release|Any CPU
		{1FF65F8A-13E8-4C5B-9584-2833BD4CB052}.Release|Any CPU.Build.0 = Release|Any CPU
		{0D906D49-160D-49DD-9CF3-C44F300B6BE4}.Debug|Any CPU.ActiveCfg = Debug|Any CPU
		{0D906D49-160D-49DD-9CF3-C44F300B6BE4}.Debug|Any CPU.Build.0 = Debug|Any CPU
		{0D906D49-160D-49DD-9CF3-C44F300B6BE4}.Release|Any CPU.ActiveCfg = Release|Any CPU
		{0D906D49-160D-49DD-9CF3-C44F300B6BE4}.Release|Any CPU.Build.0 = Release|Any CPU
		{2756D776-BA9D-440B-B790-72CCBB0BE21A}.Debug|Any CPU.ActiveCfg = Debug|Any CPU
		{2756D776-BA9D-440B-B790-72CCBB0BE21A}.Debug|Any CPU.Build.0 = Debug|Any CPU
		{2756D776-BA9D-440B-B790-72CCBB0BE21A}.Release|Any CPU.ActiveCfg = Release|Any CPU
		{2756D776-BA9D-440B-B790-72CCBB0BE21A}.Release|Any CPU.Build.0 = Release|Any CPU
	EndGlobalSection
	GlobalSection(NestedProjects) = preSolution
		{1FF65F8A-13E8-4C5B-9584-2833BD4CB052} = {2AB8C607-F5EA-436B-B2C0-3B2FB995D9AA}
		{0D906D49-160D-49DD-9CF3-C44F300B6BE4} = {2AB8C607-F5EA-436B-B2C0-3B2FB995D9AA}
		{2756D776-BA9D-440B-B790-72CCBB0BE21A} = {2AB8C607-F5EA-436B-B2C0-3B2FB995D9AA}
	EndGlobalSection
EndGlobal
